
Microsoft Visual Studio Solution File, Format Version 12.00
# Visual Studio Version 16
VisualStudioVersion = 16.0.30717.126
MinimumVisualStudioVersion = 10.0.40219.1
Project("{FAE04EC0-301F-11D3-BF4B-00C04F79EFBC}") = "dash", "dash\dash.csproj", "{BD389808-BAE9-4A9A-80FE-330EA0F5FC63}"
EndProject
Global
	GlobalSection(SolutionConfigurationPlatforms) = preSolution
		Debug|Any CPU = Debug|Any CPU
		Release|Any CPU = Release|Any CPU
	EndGlobalSection
	GlobalSection(ProjectConfigurationPlatforms) = postSolution
		{BD389808-BAE9-4A9A-80FE-330EA0F5FC63}.Debug|Any CPU.ActiveCfg = Debug|Any CPU
		{BD389808-BAE9-4A9A-80FE-330EA0F5FC63}.Debug|Any CPU.Build.0 = Debug|Any CPU
		{BD389808-BAE9-4A9A-80FE-330EA0F5FC63}.Release|Any CPU.ActiveCfg = Release|Any CPU
		{BD389808-BAE9-4A9A-80FE-330EA0F5FC63}.Release|Any CPU.Build.0 = Release|Any CPU
	EndGlobalSection
	GlobalSection(SolutionProperties) = preSolution
		HideSolutionNode = FALSE
	EndGlobalSection
	GlobalSection(ExtensibilityGlobals) = postSolution
		SolutionGuid = {1A2D38AE-9555-43A8-9FC2-FCD89C7A46F8}
	EndGlobalSection
EndGlobal
